// !$*UTF8*$!
{
	archiveVersion = 1;
	classes = {
	};
	objectVersion = 50;
	objects = {

/* Begin PBXBuildFile section */
		89531BC7258266C6009BE628 /* SwiftUIPaypelApp.swift in Sources */ = {isa = PBXBuildFile; fileRef = 89531BB4258266C5009BE628 /* SwiftUIPaypelApp.swift */; };
		89531BC8258266C6009BE628 /* SwiftUIPaypelApp.swift in Sources */ = {isa = PBXBuildFile; fileRef = 89531BB4258266C5009BE628 /* SwiftUIPaypelApp.swift */; };
		89531BC9258266C6009BE628 /* ContentView.swift in Sources */ = {isa = PBXBuildFile; fileRef = 89531BB5258266C5009BE628 /* ContentView.swift */; };
		89531BCA258266C6009BE628 /* ContentView.swift in Sources */ = {isa = PBXBuildFile; fileRef = 89531BB5258266C5009BE628 /* ContentView.swift */; };
		89531BCB258266C6009BE628 /* Assets.xcassets in Resources */ = {isa = PBXBuildFile; fileRef = 89531BB6258266C6009BE628 /* Assets.xcassets */; };
		89531BCC258266C6009BE628 /* Assets.xcassets in Resources */ = {isa = PBXBuildFile; fileRef = 89531BB6258266C6009BE628 /* Assets.xcassets */; };
/* End PBXBuildFile section */

/* Begin PBXFileReference section */
		89531BB4258266C5009BE628 /* SwiftUIPaypelApp.swift */ = {isa = PBXFileReference; lastKnownFileType = sourcecode.swift; path = SwiftUIPaypelApp.swift; sourceTree = "<group>"; };
		89531BB5258266C5009BE628 /* ContentView.swift */ = {isa = PBXFileReference; lastKnownFileType = sourcecode.swift; path = ContentView.swift; sourceTree = "<group>"; };
		89531BB6258266C6009BE628 /* Assets.xcassets */ = {isa = PBXFileReference; lastKnownFileType = folder.assetcatalog; path = Assets.xcassets; sourceTree = "<group>"; };
		89531BBB258266C6009BE628 /* SwiftUIPaypal.app */ = {isa = PBXFileReference; explicitFileType = wrapper.application; includeInIndex = 0; path = SwiftUIPaypal.app; sourceTree = BUILT_PRODUCTS_DIR; };
		89531BBE258266C6009BE628 /* Info.plist */ = {isa = PBXFileReference; lastKnownFileType = text.plist.xml; path = Info.plist; sourceTree = "<group>"; };
		89531BC3258266C6009BE628 /* SwiftUIPaypal.app */ = {isa = PBXFileReference; explicitFileType = wrapper.application; includeInIndex = 0; path = SwiftUIPaypal.app; sourceTree = BUILT_PRODUCTS_DIR; };
		89531BC5258266C6009BE628 /* Info.plist */ = {isa = PBXFileReference; lastKnownFileType = text.plist.xml; path = Info.plist; sourceTree = "<group>"; };
		89531BC6258266C6009BE628 /* macOS.entitlements */ = {isa = PBXFileReference; lastKnownFileType = text.plist.entitlements; path = macOS.entitlements; sourceTree = "<group>"; };
/* End PBXFileReference section */

/* Begin PBXFrameworksBuildPhase section */
		89531BB8258266C6009BE628 /* Frameworks */ = {
			isa = PBXFrameworksBuildPhase;
			buildActionMask = 2147483647;
			files = (
			);
			runOnlyForDeploymentPostprocessing = 0;
		};
		89531BC0258266C6009BE628 /* Frameworks */ = {
			isa = PBXFrameworksBuildPhase;
			buildActionMask = 2147483647;
			files = (
			);
			runOnlyForDeploymentPostprocessing = 0;
		};
/* End PBXFrameworksBuildPhase section */

/* Begin PBXGroup section */
		89531BAE258266C5009BE628 = {
			isa = PBXGroup;
			children = (
				89531BB3258266C5009BE628 /* Shared */,
				89531BBD258266C6009BE628 /* iOS */,
				89531BC4258266C6009BE628 /* macOS */,
				89531BBC258266C6009BE628 /* Products */,
			);
			sourceTree = "<group>";
		};
		89531BB3258266C5009BE628 /* Shared */ = {
			isa = PBXGroup;
			children = (
				89531BB4258266C5009BE628 /* SwiftUIPaypelApp.swift */,
				89531BB5258266C5009BE628 /* ContentView.swift */,
				89531BB6258266C6009BE628 /* Assets.xcassets */,
			);
			path = Shared;
			sourceTree = "<group>";
		};
		89531BBC258266C6009BE628 /* Products */ = {
			isa = PBXGroup;
			children = (
				89531BBB258266C6009BE628 /* SwiftUIPaypal.app */,
				89531BC3258266C6009BE628 /* SwiftUIPaypal.app */,
			);
			name = Products;
			sourceTree = "<group>";
		};
		89531BBD258266C6009BE628 /* iOS */ = {
			isa = PBXGroup;
			children = (
				89531BBE258266C6009BE628 /* Info.plist */,
			);
			path = iOS;
			sourceTree = "<group>";
		};
		89531BC4258266C6009BE628 /* macOS */ = {
			isa = PBXGroup;
			children = (
				89531BC5258266C6009BE628 /* Info.plist */,
				89531BC6258266C6009BE628 /* macOS.entitlements */,
			);
			path = macOS;
			sourceTree = "<group>";
		};
/* End PBXGroup section */

/* Begin PBXNativeTarget section */
		89531BBA258266C6009BE628 /* SwiftUIPaypal (iOS) */ = {
			isa = PBXNativeTarget;
			buildConfigurationList = 89531BCF258266C6009BE628 /* Build configuration list for PBXNativeTarget "SwiftUIPaypal (iOS)" */;
			buildPhases = (
				89531BB7258266C6009BE628 /* Sources */,
				89531BB8258266C6009BE628 /* Frameworks */,
				89531BB9258266C6009BE628 /* Resources */,
			);
			buildRules = (
			);
			dependencies = (
			);
			name = "SwiftUIPaypal (iOS)";
			productName = "SwiftUIPaypel (iOS)";
			productReference = 89531BBB258266C6009BE628 /* SwiftUIPaypal.app */;
			productType = "com.apple.product-type.application";
		};
		89531BC2258266C6009BE628 /* SwiftUIPaypal (macOS) */ = {
			isa = PBXNativeTarget;
			buildConfigurationList = 89531BD2258266C6009BE628 /* Build configuration list for PBXNativeTarget "SwiftUIPaypal (macOS)" */;
			buildPhases = (
				89531BBF258266C6009BE628 /* Sources */,
				89531BC0258266C6009BE628 /* Frameworks */,
				89531BC1258266C6009BE628 /* Resources */,
			);
			buildRules = (
			);
			dependencies = (
			);
			name = "SwiftUIPaypal (macOS)";
			productName = "SwiftUIPaypel (macOS)";
			productReference = 89531BC3258266C6009BE628 /* SwiftUIPaypal.app */;
			productType = "com.apple.product-type.application";
		};
/* End PBXNativeTarget section */

/* Begin PBXProject section */
		89531BAF258266C5009BE628 /* Project object */ = {
			isa = PBXProject;
			attributes = {
				LastSwiftUpdateCheck = 1220;
				LastUpgradeCheck = 1220;
				TargetAttributes = {
					89531BBA258266C6009BE628 = {
						CreatedOnToolsVersion = 12.2;
					};
					89531BC2258266C6009BE628 = {
						CreatedOnToolsVersion = 12.2;
					};
				};
			};
			buildConfigurationList = 89531BB2258266C5009BE628 /* Build configuration list for PBXProject "SwiftUIPaypal" */;
			compatibilityVersion = "Xcode 9.3";
			developmentRegion = en;
			hasScannedForEncodings = 0;
			knownRegions = (
				en,
				Base,
			);
			mainGroup = 89531BAE258266C5009BE628;
			productRefGroup = 89531BBC258266C6009BE628 /* Products */;
			projectDirPath = "";
			projectRoot = "";
			targets = (
				89531BBA258266C6009BE628 /* SwiftUIPaypal (iOS) */,
				89531BC2258266C6009BE628 /* SwiftUIPaypal (macOS) */,
			);
		};
/* End PBXProject section */

/* Begin PBXResourcesBuildPhase section */
		89531BB9258266C6009BE628 /* Resources */ = {
			isa = PBXResourcesBuildPhase;
			buildActionMask = 2147483647;
			files = (
				89531BCB258266C6009BE628 /* Assets.xcassets in Resources */,
			);
			runOnlyForDeploymentPostprocessing = 0;
		};
		89531BC1258266C6009BE628 /* Resources */ = {
			isa = PBXResourcesBuildPhase;
			buildActionMask = 2147483647;
			files = (
				89531BCC258266C6009BE628 /* Assets.xcassets in Resources */,
			);
			runOnlyForDeploymentPostprocessing = 0;
		};
/* End PBXResourcesBuildPhase section */

/* Begin PBXSourcesBuildPhase section */
		89531BB7258266C6009BE628 /* Sources */ = {
			isa = PBXSourcesBuildPhase;
			buildActionMask = 2147483647;
			files = (
				89531BC9258266C6009BE628 /* ContentView.swift in Sources */,
				89531BC7258266C6009BE628 /* SwiftUIPaypelApp.swift in Sources */,
			);
			runOnlyForDeploymentPostprocessing = 0;
		};
		89531BBF258266C6009BE628 /* Sources */ = {
			isa = PBXSourcesBuildPhase;
			buildActionMask = 2147483647;
			files = (
				89531BCA258266C6009BE628 /* ContentView.swift in Sources */,
				89531BC8258266C6009BE628 /* SwiftUIPaypelApp.swift in Sources */,
			);
			runOnlyForDeploymentPostprocessing = 0;
		};
/* End PBXSourcesBuildPhase section */

/* Begin XCBuildConfiguration section */
		89531BCD258266C6009BE628 /* Debug */ = {
			isa = XCBuildConfiguration;
			buildSettings = {
				ALWAYS_SEARCH_USER_PATHS = NO;
				CLANG_ANALYZER_NONNULL = YES;
				CLANG_ANALYZER_NUMBER_OBJECT_CONVERSION = YES_AGGRESSIVE;
				CLANG_CXX_LANGUAGE_STANDARD = "gnu++14";
				CLANG_CXX_LIBRARY = "libc++";
				CLANG_ENABLE_MODULES = YES;
				CLANG_ENABLE_OBJC_ARC = YES;
				CLANG_ENABLE_OBJC_WEAK = YES;
				CLANG_WARN_BLOCK_CAPTURE_AUTORELEASING = YES;
				CLANG_WARN_BOOL_CONVERSION = YES;
				CLANG_WARN_COMMA = YES;
				CLANG_WARN_CONSTANT_CONVERSION = YES;
				CLANG_WARN_DEPRECATED_OBJC_IMPLEMENTATIONS = YES;
				CLANG_WARN_DIRECT_OBJC_ISA_USAGE = YES_ERROR;
				CLANG_WARN_DOCUMENTATION_COMMENTS = YES;
				CLANG_WARN_EMPTY_BODY = YES;
				CLANG_WARN_ENUM_CONVERSION = YES;
				CLANG_WARN_INFINITE_RECURSION = YES;
				CLANG_WARN_INT_CONVERSION = YES;
				CLANG_WARN_NON_LITERAL_NULL_CONVERSION = YES;
				CLANG_WARN_OBJC_IMPLICIT_RETAIN_SELF = YES;
				CLANG_WARN_OBJC_LITERAL_CONVERSION = YES;
				CLANG_WARN_OBJC_ROOT_CLASS = YES_ERROR;
				CLANG_WARN_QUOTED_INCLUDE_IN_FRAMEWORK_HEADER = YES;
				CLANG_WARN_RANGE_LOOP_ANALYSIS = YES;
				CLANG_WARN_STRICT_PROTOTYPES = YES;
				CLANG_WARN_SUSPICIOUS_MOVE = YES;
				CLANG_WARN_UNGUARDED_AVAILABILITY = YES_AGGRESSIVE;
				CLANG_WARN_UNREACHABLE_CODE = YES;
				CLANG_WARN__DUPLICATE_METHOD_MATCH = YES;
				COPY_PHASE_STRIP = NO;
				DEBUG_INFORMATION_FORMAT = dwarf;
				ENABLE_STRICT_OBJC_MSGSEND = YES;
				ENABLE_TESTABILITY = YES;
				GCC_C_LANGUAGE_STANDARD = gnu11;
				GCC_DYNAMIC_NO_PIC = NO;
				GCC_NO_COMMON_BLOCKS = YES;
				GCC_OPTIMIZATION_LEVEL = 0;
				GCC_PREPROCESSOR_DEFINITIONS = (
					"DEBUG=1",
					"$(inherited)",
				);
				GCC_WARN_64_TO_32_BIT_CONVERSION = YES;
				GCC_WARN_ABOUT_RETURN_TYPE = YES_ERROR;
				GCC_WARN_UNDECLARED_SELECTOR = YES;
				GCC_WARN_UNINITIALIZED_AUTOS = YES_AGGRESSIVE;
				GCC_WARN_UNUSED_FUNCTION = YES;
				GCC_WARN_UNUSED_VARIABLE = YES;
				MTL_ENABLE_DEBUG_INFO = INCLUDE_SOURCE;
				MTL_FAST_MATH = YES;
				ONLY_ACTIVE_ARCH = YES;
				SWIFT_ACTIVE_COMPILATION_CONDITIONS = DEBUG;
				SWIFT_OPTIMIZATION_LEVEL = "-Onone";
			};
			name = Debug;
		};
		89531BCE258266C6009BE628 /* Release */ = {
			isa = XCBuildConfiguration;
			buildSettings = {
				ALWAYS_SEARCH_USER_PATHS = NO;
				CLANG_ANALYZER_NONNULL = YES;
				CLANG_ANALYZER_NUMBER_OBJECT_CONVERSION = YES_AGGRESSIVE;
				CLANG_CXX_LANGUAGE_STANDARD = "gnu++14";
				CLANG_CXX_LIBRARY = "libc++";
				CLANG_ENABLE_MODULES = YES;
				CLANG_ENABLE_OBJC_ARC = YES;
				CLANG_ENABLE_OBJC_WEAK = YES;
				CLANG_WARN_BLOCK_CAPTURE_AUTORELEASING = YES;
				CLANG_WARN_BOOL_CONVERSION = YES;
				CLANG_WARN_COMMA = YES;
				CLANG_WARN_CONSTANT_CONVERSION = YES;
				CLANG_WARN_DEPRECATED_OBJC_IMPLEMENTATIONS = YES;
				CLANG_WARN_DIRECT_OBJC_ISA_USAGE = YES_ERROR;
				CLANG_WARN_DOCUMENTATION_COMMENTS = YES;
				CLANG_WARN_EMPTY_BODY = YES;
				CLANG_WARN_ENUM_CONVERSION = YES;
				CLANG_WARN_INFINITE_RECURSION = YES;
				CLANG_WARN_INT_CONVERSION = YES;
				CLANG_WARN_NON_LITERAL_NULL_CONVERSION = YES;
				CLANG_WARN_OBJC_IMPLICIT_RETAIN_SELF = YES;
				CLANG_WARN_OBJC_LITERAL_CONVERSION = YES;
				CLANG_WARN_OBJC_ROOT_CLASS = YES_ERROR;
				CLANG_WARN_QUOTED_INCLUDE_IN_FRAMEWORK_HEADER = YES;
				CLANG_WARN_RANGE_LOOP_ANALYSIS = YES;
				CLANG_WARN_STRICT_PROTOTYPES = YES;
				CLANG_WARN_SUSPICIOUS_MOVE = YES;
				CLANG_WARN_UNGUARDED_AVAILABILITY = YES_AGGRESSIVE;
				CLANG_WARN_UNREACHABLE_CODE = YES;
				CLANG_WARN__DUPLICATE_METHOD_MATCH = YES;
				COPY_PHASE_STRIP = NO;
				DEBUG_INFORMATION_FORMAT = "dwarf-with-dsym";
				ENABLE_NS_ASSERTIONS = NO;
				ENABLE_STRICT_OBJC_MSGSEND = YES;
				GCC_C_LANGUAGE_STANDARD = gnu11;
				GCC_NO_COMMON_BLOCKS = YES;
				GCC_WARN_64_TO_32_BIT_CONVERSION = YES;
				GCC_WARN_ABOUT_RETURN_TYPE = YES_ERROR;
				GCC_WARN_UNDECLARED_SELECTOR = YES;
				GCC_WARN_UNINITIALIZED_AUTOS = YES_AGGRESSIVE;
				GCC_WARN_UNUSED_FUNCTION = YES;
				GCC_WARN_UNUSED_VARIABLE = YES;
				MTL_ENABLE_DEBUG_INFO = NO;
				MTL_FAST_MATH = YES;
				SWIFT_COMPILATION_MODE = wholemodule;
				SWIFT_OPTIMIZATION_LEVEL = "-O";
			};
			name = Release;
		};
		89531BD0258266C6009BE628 /* Debug */ = {
			isa = XCBuildConfiguration;
			buildSettings = {
				ASSETCATALOG_COMPILER_APPICON_NAME = AppIcon;
				ASSETCATALOG_COMPILER_GLOBAL_ACCENT_COLOR_NAME = AccentColor;
				CODE_SIGN_STYLE = Automatic;
				ENABLE_PREVIEWS = YES;
				INFOPLIST_FILE = iOS/Info.plist;
				IPHONEOS_DEPLOYMENT_TARGET = 14.0;
				LD_RUNPATH_SEARCH_PATHS = (
					"$(inherited)",
					"@executable_path/Frameworks",
				);
				PRODUCT_BUNDLE_IDENTIFIER = com.shiwei93.SwiftUIPaypel;
				PRODUCT_NAME = SwiftUIPaypal;
				SDKROOT = iphoneos;
				SWIFT_VERSION = 5.0;
				TARGETED_DEVICE_FAMILY = "1,2";
			};
			name = Debug;
		};
		89531BD1258266C6009BE628 /* Release */ = {
			isa = XCBuildConfiguration;
			buildSettings = {
				ASSETCATALOG_COMPILER_APPICON_NAME = AppIcon;
				ASSETCATALOG_COMPILER_GLOBAL_ACCENT_COLOR_NAME = AccentColor;
				CODE_SIGN_STYLE = Automatic;
				ENABLE_PREVIEWS = YES;
				INFOPLIST_FILE = iOS/Info.plist;
				IPHONEOS_DEPLOYMENT_TARGET = 14.0;
				LD_RUNPATH_SEARCH_PATHS = (
					"$(inherited)",
					"@executable_path/Frameworks",
				);
				PRODUCT_BUNDLE_IDENTIFIER = com.shiwei93.SwiftUIPaypel;
				PRODUCT_NAME = SwiftUIPaypal;
				SDKROOT = iphoneos;
				SWIFT_VERSION = 5.0;
				TARGETED_DEVICE_FAMILY = "1,2";
				VALIDATE_PRODUCT = YES;
			};
			name = Release;
		};
		89531BD3258266C6009BE628 /* Debug */ = {
			isa = XCBuildConfiguration;
			buildSettings = {
				ASSETCATALOG_COMPILER_APPICON_NAME = AppIcon;
				ASSETCATALOG_COMPILER_GLOBAL_ACCENT_COLOR_NAME = AccentColor;
				CODE_SIGN_ENTITLEMENTS = macOS/macOS.entitlements;
				CODE_SIGN_STYLE = Automatic;
				COMBINE_HIDPI_IMAGES = YES;
				ENABLE_PREVIEWS = YES;
				INFOPLIST_FILE = macOS/Info.plist;
				LD_RUNPATH_SEARCH_PATHS = (
					"$(inherited)",
					"@executable_path/../Frameworks",
				);
				MACOSX_DEPLOYMENT_TARGET = 11.0;
				PRODUCT_BUNDLE_IDENTIFIER = com.shiwei93.SwiftUIPaypel;
				PRODUCT_NAME = SwiftUIPaypal;
				SDKROOT = macosx;
				SWIFT_VERSION = 5.0;
			};
			name = Debug;
		};
		89531BD4258266C6009BE628 /* Release */ = {
			isa = XCBuildConfiguration;
			buildSettings = {
				ASSETCATALOG_COMPILER_APPICON_NAME = AppIcon;
				ASSETCATALOG_COMPILER_GLOBAL_ACCENT_COLOR_NAME = AccentColor;
				CODE_SIGN_ENTITLEMENTS = macOS/macOS.entitlements;
				CODE_SIGN_STYLE = Automatic;
				COMBINE_HIDPI_IMAGES = YES;
				ENABLE_PREVIEWS = YES;
				INFOPLIST_FILE = macOS/Info.plist;
				LD_RUNPATH_SEARCH_PATHS = (
					"$(inherited)",
					"@executable_path/../Frameworks",
				);
				MACOSX_DEPLOYMENT_TARGET = 11.0;
				PRODUCT_BUNDLE_IDENTIFIER = com.shiwei93.SwiftUIPaypel;
				PRODUCT_NAME = SwiftUIPaypal;
				SDKROOT = macosx;
				SWIFT_VERSION = 5.0;
			};
			name = Release;
		};
/* End XCBuildConfiguration section */

/* Begin XCConfigurationList section */
		89531BB2258266C5009BE628 /* Build configuration list for PBXProject "SwiftUIPaypal" */ = {
			isa = XCConfigurationList;
			buildConfigurations = (
				89531BCD258266C6009BE628 /* Debug */,
				89531BCE258266C6009BE628 /* Release */,
			);
			defaultConfigurationIsVisible = 0;
			defaultConfigurationName = Release;
		};
		89531BCF258266C6009BE628 /* Build configuration list for PBXNativeTarget "SwiftUIPaypal (iOS)" */ = {
			isa = XCConfigurationList;
			buildConfigurations = (
				89531BD0258266C6009BE628 /* Debug */,
				89531BD1258266C6009BE628 /* Release */,
			);
			defaultConfigurationIsVisible = 0;
			defaultConfigurationName = Release;
		};
		89531BD2258266C6009BE628 /* Build configuration list for PBXNativeTarget "SwiftUIPaypal (macOS)" */ = {
			isa = XCConfigurationList;
			buildConfigurations = (
				89531BD3258266C6009BE628 /* Debug */,
				89531BD4258266C6009BE628 /* Release */,
			);
			defaultConfigurationIsVisible = 0;
			defaultConfigurationName = Release;
		};
/* End XCConfigurationList section */
	};
	rootObject = 89531BAF258266C5009BE628 /* Project object */;
}
